
Microsoft Visual Studio Solution File, Format Version 12.00
# Visual Studio 15
VisualStudioVersion = 15.0.28010.2050
MinimumVisualStudioVersion = 10.0.40219.1
Project("{FAE04EC0-301F-11D3-BF4B-00C04F79EFBC}") = "DAL", "DAL\DAL.csproj", "{4E40B6F9-FDFC-4AD0-882B-BAD38FCF9809}"
EndProject
Project("{FAE04EC0-301F-11D3-BF4B-00C04F79EFBC}") = "UI", "UI\UI.csproj", "{EC1B0438-606C-4A03-A996-3AB0B818EE40}"
EndProject
Project("{FAE04EC0-301F-11D3-BF4B-00C04F79EFBC}") = "Common", "Common\Common.csproj", "{61146576-8AB7-461A-95CB-51C030DBA89A}"
EndProject
Project("{FAE04EC0-301F-11D3-BF4B-00C04F79EFBC}") = "Model", "Model\Model.csproj", "{9642A1C6-EDA7-4C0D-99D5-F9200D94F133}"
EndProject
Global
	GlobalSection(SolutionConfigurationPlatforms) = preSolution
		Debug|Any CPU = Debug|Any CPU
		Release|Any CPU = Release|Any CPU
	EndGlobalSection
	GlobalSection(ProjectConfigurationPlatforms) = postSolution
		{4E40B6F9-FDFC-4AD0-882B-BAD38FCF9809}.Debug|Any CPU.ActiveCfg = Debug|Any CPU
		{4E40B6F9-FDFC-4AD0-882B-BAD38FCF9809}.Debug|Any CPU.Build.0 = Debug|Any CPU
		{4E40B6F9-FDFC-4AD0-882B-BAD38FCF9809}.Release|Any CPU.ActiveCfg = Release|Any CPU
		{4E40B6F9-FDFC-4AD0-882B-BAD38FCF9809}.Release|Any CPU.Build.0 = Release|Any CPU
		{EC1B0438-606C-4A03-A996-3AB0B818EE40}.Debug|Any CPU.ActiveCfg = Debug|Any CPU
		{EC1B0438-606C-4A03-A996-3AB0B818EE40}.Debug|Any CPU.Build.0 = Debug|Any CPU
		{EC1B0438-606C-4A03-A996-3AB0B818EE40}.Release|Any CPU.ActiveCfg = Release|Any CPU
		{EC1B0438-606C-4A03-A996-3AB0B818EE40}.Release|Any CPU.Build.0 = Release|Any CPU
		{61146576-8AB7-461A-95CB-51C030DBA89A}.Debug|Any CPU.ActiveCfg = Debug|Any CPU
		{61146576-8AB7-461A-95CB-51C030DBA89A}.Debug|Any CPU.Build.0 = Debug|Any CPU
		{61146576-8AB7-461A-95CB-51C030DBA89A}.Release|Any CPU.ActiveCfg = Release|Any CPU
		{61146576-8AB7-461A-95CB-51C030DBA89A}.Release|Any CPU.Build.0 = Release|Any CPU
		{9642A1C6-EDA7-4C0D-99D5-F9200D94F133}.Debug|Any CPU.ActiveCfg = Debug|Any CPU
		{9642A1C6-EDA7-4C0D-99D5-F9200D94F133}.Debug|Any CPU.Build.0 = Debug|Any CPU
		{9642A1C6-EDA7-4C0D-99D5-F9200D94F133}.Release|Any CPU.ActiveCfg = Release|Any CPU
		{9642A1C6-EDA7-4C0D-99D5-F9200D94F133}.Release|Any CPU.Build.0 = Release|Any CPU
	EndGlobalSection
	GlobalSection(SolutionProperties) = preSolution
		HideSolutionNode = FALSE
	EndGlobalSection
	GlobalSection(ExtensibilityGlobals) = postSolution
		SolutionGuid = {E3CEA918-A195-4AC6-AF69-65A80D411155}
	EndGlobalSection
EndGlobal
